// !$*UTF8*$!
{
	archiveVersion = 1;
	classes = {
	};
	objectVersion = 50;
	objects = {

/* Begin PBXBuildFile section */
		36028747241C9B4A0079B2A5 /* AppDelegate.swift in Sources */ = {isa = PBXBuildFile; fileRef = 36028746241C9B4A0079B2A5 /* AppDelegate.swift */; };
		36028749241C9B4A0079B2A5 /* SceneDelegate.swift in Sources */ = {isa = PBXBuildFile; fileRef = 36028748241C9B4A0079B2A5 /* SceneDelegate.swift */; };
		36028750241C9B4D0079B2A5 /* Assets.xcassets in Resources */ = {isa = PBXBuildFile; fileRef = 3602874F241C9B4D0079B2A5 /* Assets.xcassets */; };
		36028753241C9B4D0079B2A5 /* LaunchScreen.storyboard in Resources */ = {isa = PBXBuildFile; fileRef = 36028751241C9B4D0079B2A5 /* LaunchScreen.storyboard */; };
		3602875B241CA5E40079B2A5 /* ProgramsViewController.storyboard in Resources */ = {isa = PBXBuildFile; fileRef = 3602875A241CA5E40079B2A5 /* ProgramsViewController.storyboard */; };
		3602875D241CA6350079B2A5 /* ProgramsViewController.swift in Sources */ = {isa = PBXBuildFile; fileRef = 3602875C241CA6350079B2A5 /* ProgramsViewController.swift */; };
		3602875F241CA6940079B2A5 /* Movie.swift in Sources */ = {isa = PBXBuildFile; fileRef = 3602875E241CA6940079B2A5 /* Movie.swift */; };
		36028761241CA6DE0079B2A5 /* Program.swift in Sources */ = {isa = PBXBuildFile; fileRef = 36028760241CA6DE0079B2A5 /* Program.swift */; };
		36028763241CA7150079B2A5 /* Theater.swift in Sources */ = {isa = PBXBuildFile; fileRef = 36028762241CA7150079B2A5 /* Theater.swift */; };
		36028765241CA73E0079B2A5 /* Sheet.swift in Sources */ = {isa = PBXBuildFile; fileRef = 36028764241CA73E0079B2A5 /* Sheet.swift */; };
		36028767241CA75C0079B2A5 /* Schedule.swift in Sources */ = {isa = PBXBuildFile; fileRef = 36028766241CA75C0079B2A5 /* Schedule.swift */; };
		36028769241CAB3A0079B2A5 /* ProgramRepository.swift in Sources */ = {isa = PBXBuildFile; fileRef = 36028768241CAB3A0079B2A5 /* ProgramRepository.swift */; };
		3602876B241CAE640079B2A5 /* SheetsViewController.swift in Sources */ = {isa = PBXBuildFile; fileRef = 3602876A241CAE640079B2A5 /* SheetsViewController.swift */; };
		3602876D241CAE7C0079B2A5 /* SheetsViewController.storyboard in Resources */ = {isa = PBXBuildFile; fileRef = 3602876C241CAE7C0079B2A5 /* SheetsViewController.storyboard */; };
		3602876F241CAF190079B2A5 /* UIViewController+extensions.swift in Sources */ = {isa = PBXBuildFile; fileRef = 3602876E241CAF190079B2A5 /* UIViewController+extensions.swift */; };
		36028771241CAFEA0079B2A5 /* NSObject+extensions.swift in Sources */ = {isa = PBXBuildFile; fileRef = 36028770241CAFEA0079B2A5 /* NSObject+extensions.swift */; };
		36028773241CB65F0079B2A5 /* SheetSelector.swift in Sources */ = {isa = PBXBuildFile; fileRef = 36028772241CB65F0079B2A5 /* SheetSelector.swift */; };
		36028775241CC2F80079B2A5 /* TicketsViewController.swift in Sources */ = {isa = PBXBuildFile; fileRef = 36028774241CC2F80079B2A5 /* TicketsViewController.swift */; };
		36028777241CC3050079B2A5 /* TicketsViewController.storyboard in Resources */ = {isa = PBXBuildFile; fileRef = 36028776241CC3050079B2A5 /* TicketsViewController.storyboard */; };
		36028779241CC4820079B2A5 /* Ticket.swift in Sources */ = {isa = PBXBuildFile; fileRef = 36028778241CC4820079B2A5 /* Ticket.swift */; };
		3602877B241CC4FD0079B2A5 /* Charge.swift in Sources */ = {isa = PBXBuildFile; fileRef = 3602877A241CC4FD0079B2A5 /* Charge.swift */; };
/* End PBXBuildFile section */

/* Begin PBXFileReference section */
		36028743241C9B4A0079B2A5 /* MovieTicket.app */ = {isa = PBXFileReference; explicitFileType = wrapper.application; includeInIndex = 0; path = MovieTicket.app; sourceTree = BUILT_PRODUCTS_DIR; };
		36028746241C9B4A0079B2A5 /* AppDelegate.swift */ = {isa = PBXFileReference; lastKnownFileType = sourcecode.swift; path = AppDelegate.swift; sourceTree = "<group>"; };
		36028748241C9B4A0079B2A5 /* SceneDelegate.swift */ = {isa = PBXFileReference; lastKnownFileType = sourcecode.swift; path = SceneDelegate.swift; sourceTree = "<group>"; };
		3602874F241C9B4D0079B2A5 /* Assets.xcassets */ = {isa = PBXFileReference; lastKnownFileType = folder.assetcatalog; path = Assets.xcassets; sourceTree = "<group>"; };
		36028752241C9B4D0079B2A5 /* Base */ = {isa = PBXFileReference; lastKnownFileType = file.storyboard; name = Base; path = Base.lproj/LaunchScreen.storyboard; sourceTree = "<group>"; };
		36028754241C9B4D0079B2A5 /* Info.plist */ = {isa = PBXFileReference; lastKnownFileType = text.plist.xml; path = Info.plist; sourceTree = "<group>"; };
		3602875A241CA5E40079B2A5 /* ProgramsViewController.storyboard */ = {isa = PBXFileReference; lastKnownFileType = file.storyboard; path = ProgramsViewController.storyboard; sourceTree = "<group>"; };
		3602875C241CA6350079B2A5 /* ProgramsViewController.swift */ = {isa = PBXFileReference; lastKnownFileType = sourcecode.swift; path = ProgramsViewController.swift; sourceTree = "<group>"; };
		3602875E241CA6940079B2A5 /* Movie.swift */ = {isa = PBXFileReference; lastKnownFileType = sourcecode.swift; path = Movie.swift; sourceTree = "<group>"; };
		36028760241CA6DE0079B2A5 /* Program.swift */ = {isa = PBXFileReference; lastKnownFileType = sourcecode.swift; path = Program.swift; sourceTree = "<group>"; };
		36028762241CA7150079B2A5 /* Theater.swift */ = {isa = PBXFileReference; lastKnownFileType = sourcecode.swift; path = Theater.swift; sourceTree = "<group>"; };
		36028764241CA73E0079B2A5 /* Sheet.swift */ = {isa = PBXFileReference; lastKnownFileType = sourcecode.swift; path = Sheet.swift; sourceTree = "<group>"; };
		36028766241CA75C0079B2A5 /* Schedule.swift */ = {isa = PBXFileReference; lastKnownFileType = sourcecode.swift; path = Schedule.swift; sourceTree = "<group>"; };
		36028768241CAB3A0079B2A5 /* ProgramRepository.swift */ = {isa = PBXFileReference; lastKnownFileType = sourcecode.swift; path = ProgramRepository.swift; sourceTree = "<group>"; };
		3602876A241CAE640079B2A5 /* SheetsViewController.swift */ = {isa = PBXFileReference; lastKnownFileType = sourcecode.swift; path = SheetsViewController.swift; sourceTree = "<group>"; };
		3602876C241CAE7C0079B2A5 /* SheetsViewController.storyboard */ = {isa = PBXFileReference; lastKnownFileType = file.storyboard; path = SheetsViewController.storyboard; sourceTree = "<group>"; };
		3602876E241CAF190079B2A5 /* UIViewController+extensions.swift */ = {isa = PBXFileReference; fileEncoding = 4; lastKnownFileType = sourcecode.swift; path = "UIViewController+extensions.swift"; sourceTree = "<group>"; };
		36028770241CAFEA0079B2A5 /* NSObject+extensions.swift */ = {isa = PBXFileReference; fileEncoding = 4; lastKnownFileType = sourcecode.swift; path = "NSObject+extensions.swift"; sourceTree = "<group>"; };
		36028772241CB65F0079B2A5 /* SheetSelector.swift */ = {isa = PBXFileReference; lastKnownFileType = sourcecode.swift; path = SheetSelector.swift; sourceTree = "<group>"; };
		36028774241CC2F80079B2A5 /* TicketsViewController.swift */ = {isa = PBXFileReference; lastKnownFileType = sourcecode.swift; path = TicketsViewController.swift; sourceTree = "<group>"; };
		36028776241CC3050079B2A5 /* TicketsViewController.storyboard */ = {isa = PBXFileReference; lastKnownFileType = file.storyboard; path = TicketsViewController.storyboard; sourceTree = "<group>"; };
		36028778241CC4820079B2A5 /* Ticket.swift */ = {isa = PBXFileReference; lastKnownFileType = sourcecode.swift; path = Ticket.swift; sourceTree = "<group>"; };
		3602877A241CC4FD0079B2A5 /* Charge.swift */ = {isa = PBXFileReference; lastKnownFileType = sourcecode.swift; path = Charge.swift; sourceTree = "<group>"; };
/* End PBXFileReference section */

/* Begin PBXFrameworksBuildPhase section */
		36028740241C9B4A0079B2A5 /* Frameworks */ = {
			isa = PBXFrameworksBuildPhase;
			buildActionMask = 2147483647;
			files = (
			);
			runOnlyForDeploymentPostprocessing = 0;
		};
/* End PBXFrameworksBuildPhase section */

/* Begin PBXGroup section */
		3602873A241C9B4A0079B2A5 = {
			isa = PBXGroup;
			children = (
				36028745241C9B4A0079B2A5 /* MovieTicket */,
				36028744241C9B4A0079B2A5 /* Products */,
			);
			sourceTree = "<group>";
		};
		36028744241C9B4A0079B2A5 /* Products */ = {
			isa = PBXGroup;
			children = (
				36028743241C9B4A0079B2A5 /* MovieTicket.app */,
			);
			name = Products;
			sourceTree = "<group>";
		};
		36028745241C9B4A0079B2A5 /* MovieTicket */ = {
			isa = PBXGroup;
			children = (
				36028770241CAFEA0079B2A5 /* NSObject+extensions.swift */,
				3602876E241CAF190079B2A5 /* UIViewController+extensions.swift */,
				36028746241C9B4A0079B2A5 /* AppDelegate.swift */,
				36028748241C9B4A0079B2A5 /* SceneDelegate.swift */,
				3602874F241C9B4D0079B2A5 /* Assets.xcassets */,
				36028751241C9B4D0079B2A5 /* LaunchScreen.storyboard */,
				36028754241C9B4D0079B2A5 /* Info.plist */,
				3602875A241CA5E40079B2A5 /* ProgramsViewController.storyboard */,
				3602875C241CA6350079B2A5 /* ProgramsViewController.swift */,
				3602875E241CA6940079B2A5 /* Movie.swift */,
				3602876A241CAE640079B2A5 /* SheetsViewController.swift */,
				36028760241CA6DE0079B2A5 /* Program.swift */,
				36028764241CA73E0079B2A5 /* Sheet.swift */,
				36028762241CA7150079B2A5 /* Theater.swift */,
				36028766241CA75C0079B2A5 /* Schedule.swift */,
				36028768241CAB3A0079B2A5 /* ProgramRepository.swift */,
				3602876C241CAE7C0079B2A5 /* SheetsViewController.storyboard */,
				36028772241CB65F0079B2A5 /* SheetSelector.swift */,
				36028774241CC2F80079B2A5 /* TicketsViewController.swift */,
				36028776241CC3050079B2A5 /* TicketsViewController.storyboard */,
				36028778241CC4820079B2A5 /* Ticket.swift */,
				3602877A241CC4FD0079B2A5 /* Charge.swift */,
			);
			path = MovieTicket;
			sourceTree = "<group>";
		};
/* End PBXGroup section */

/* Begin PBXNativeTarget section */
		36028742241C9B4A0079B2A5 /* MovieTicket */ = {
			isa = PBXNativeTarget;
			buildConfigurationList = 36028757241C9B4D0079B2A5 /* Build configuration list for PBXNativeTarget "MovieTicket" */;
			buildPhases = (
				3602873F241C9B4A0079B2A5 /* Sources */,
				36028740241C9B4A0079B2A5 /* Frameworks */,
				36028741241C9B4A0079B2A5 /* Resources */,
			);
			buildRules = (
			);
			dependencies = (
			);
			name = MovieTicket;
			productName = MovieTicket;
			productReference = 36028743241C9B4A0079B2A5 /* MovieTicket.app */;
			productType = "com.apple.product-type.application";
		};
/* End PBXNativeTarget section */

/* Begin PBXProject section */
		3602873B241C9B4A0079B2A5 /* Project object */ = {
			isa = PBXProject;
			attributes = {
				LastSwiftUpdateCheck = 1130;
				LastUpgradeCheck = 1130;
				ORGANIZATIONNAME = "Norihiko Oba";
				TargetAttributes = {
					36028742241C9B4A0079B2A5 = {
						CreatedOnToolsVersion = 11.3.1;
					};
				};
			};
			buildConfigurationList = 3602873E241C9B4A0079B2A5 /* Build configuration list for PBXProject "MovieTicket" */;
			compatibilityVersion = "Xcode 9.3";
			developmentRegion = en;
			hasScannedForEncodings = 0;
			knownRegions = (
				en,
				Base,
			);
			mainGroup = 3602873A241C9B4A0079B2A5;
			productRefGroup = 36028744241C9B4A0079B2A5 /* Products */;
			projectDirPath = "";
			projectRoot = "";
			targets = (
				36028742241C9B4A0079B2A5 /* MovieTicket */,
			);
		};
/* End PBXProject section */

/* Begin PBXResourcesBuildPhase section */
		36028741241C9B4A0079B2A5 /* Resources */ = {
			isa = PBXResourcesBuildPhase;
			buildActionMask = 2147483647;
			files = (
				36028753241C9B4D0079B2A5 /* LaunchScreen.storyboard in Resources */,
				36028777241CC3050079B2A5 /* TicketsViewController.storyboard in Resources */,
				3602876D241CAE7C0079B2A5 /* SheetsViewController.storyboard in Resources */,
				36028750241C9B4D0079B2A5 /* Assets.xcassets in Resources */,
				3602875B241CA5E40079B2A5 /* ProgramsViewController.storyboard in Resources */,
			);
			runOnlyForDeploymentPostprocessing = 0;
		};
/* End PBXResourcesBuildPhase section */

/* Begin PBXSourcesBuildPhase section */
		3602873F241C9B4A0079B2A5 /* Sources */ = {
			isa = PBXSourcesBuildPhase;
			buildActionMask = 2147483647;
			files = (
				3602876B241CAE640079B2A5 /* SheetsViewController.swift in Sources */,
				3602877B241CC4FD0079B2A5 /* Charge.swift in Sources */,
				3602876F241CAF190079B2A5 /* UIViewController+extensions.swift in Sources */,
				3602875D241CA6350079B2A5 /* ProgramsViewController.swift in Sources */,
				36028761241CA6DE0079B2A5 /* Program.swift in Sources */,
				36028767241CA75C0079B2A5 /* Schedule.swift in Sources */,
				36028763241CA7150079B2A5 /* Theater.swift in Sources */,
				36028773241CB65F0079B2A5 /* SheetSelector.swift in Sources */,
				36028779241CC4820079B2A5 /* Ticket.swift in Sources */,
				36028747241C9B4A0079B2A5 /* AppDelegate.swift in Sources */,
				36028775241CC2F80079B2A5 /* TicketsViewController.swift in Sources */,
				36028749241C9B4A0079B2A5 /* SceneDelegate.swift in Sources */,
				3602875F241CA6940079B2A5 /* Movie.swift in Sources */,
				36028765241CA73E0079B2A5 /* Sheet.swift in Sources */,
				36028769241CAB3A0079B2A5 /* ProgramRepository.swift in Sources */,
				36028771241CAFEA0079B2A5 /* NSObject+extensions.swift in Sources */,
			);
			runOnlyForDeploymentPostprocessing = 0;
		};
/* End PBXSourcesBuildPhase section */

/* Begin PBXVariantGroup section */
		36028751241C9B4D0079B2A5 /* LaunchScreen.storyboard */ = {
			isa = PBXVariantGroup;
			children = (
				36028752241C9B4D0079B2A5 /* Base */,
			);
			name = LaunchScreen.storyboard;
			sourceTree = "<group>";
		};
/* End PBXVariantGroup section */

/* Begin XCBuildConfiguration section */
		36028755241C9B4D0079B2A5 /* Debug */ = {
			isa = XCBuildConfiguration;
			buildSettings = {
				ALWAYS_SEARCH_USER_PATHS = NO;
				CLANG_ANALYZER_NONNULL = YES;
				CLANG_ANALYZER_NUMBER_OBJECT_CONVERSION = YES_AGGRESSIVE;
				CLANG_CXX_LANGUAGE_STANDARD = "gnu++14";
				CLANG_CXX_LIBRARY = "libc++";
				CLANG_ENABLE_MODULES = YES;
				CLANG_ENABLE_OBJC_ARC = YES;
				CLANG_ENABLE_OBJC_WEAK = YES;
				CLANG_WARN_BLOCK_CAPTURE_AUTORELEASING = YES;
				CLANG_WARN_BOOL_CONVERSION = YES;
				CLANG_WARN_COMMA = YES;
				CLANG_WARN_CONSTANT_CONVERSION = YES;
				CLANG_WARN_DEPRECATED_OBJC_IMPLEMENTATIONS = YES;
				CLANG_WARN_DIRECT_OBJC_ISA_USAGE = YES_ERROR;
				CLANG_WARN_DOCUMENTATION_COMMENTS = YES;
				CLANG_WARN_EMPTY_BODY = YES;
				CLANG_WARN_ENUM_CONVERSION = YES;
				CLANG_WARN_INFINITE_RECURSION = YES;
				CLANG_WARN_INT_CONVERSION = YES;
				CLANG_WARN_NON_LITERAL_NULL_CONVERSION = YES;
				CLANG_WARN_OBJC_IMPLICIT_RETAIN_SELF = YES;
				CLANG_WARN_OBJC_LITERAL_CONVERSION = YES;
				CLANG_WARN_OBJC_ROOT_CLASS = YES_ERROR;
				CLANG_WARN_RANGE_LOOP_ANALYSIS = YES;
				CLANG_WARN_STRICT_PROTOTYPES = YES;
				CLANG_WARN_SUSPICIOUS_MOVE = YES;
				CLANG_WARN_UNGUARDED_AVAILABILITY = YES_AGGRESSIVE;
				CLANG_WARN_UNREACHABLE_CODE = YES;
				CLANG_WARN__DUPLICATE_METHOD_MATCH = YES;
				COPY_PHASE_STRIP = NO;
				DEBUG_INFORMATION_FORMAT = dwarf;
				ENABLE_STRICT_OBJC_MSGSEND = YES;
				ENABLE_TESTABILITY = YES;
				GCC_C_LANGUAGE_STANDARD = gnu11;
				GCC_DYNAMIC_NO_PIC = NO;
				GCC_NO_COMMON_BLOCKS = YES;
				GCC_OPTIMIZATION_LEVEL = 0;
				GCC_PREPROCESSOR_DEFINITIONS = (
					"DEBUG=1",
					"$(inherited)",
				);
				GCC_WARN_64_TO_32_BIT_CONVERSION = YES;
				GCC_WARN_ABOUT_RETURN_TYPE = YES_ERROR;
				GCC_WARN_UNDECLARED_SELECTOR = YES;
				GCC_WARN_UNINITIALIZED_AUTOS = YES_AGGRESSIVE;
				GCC_WARN_UNUSED_FUNCTION = YES;
				GCC_WARN_UNUSED_VARIABLE = YES;
				IPHONEOS_DEPLOYMENT_TARGET = 13.2;
				MTL_ENABLE_DEBUG_INFO = INCLUDE_SOURCE;
				MTL_FAST_MATH = YES;
				ONLY_ACTIVE_ARCH = YES;
				SDKROOT = iphoneos;
				SWIFT_ACTIVE_COMPILATION_CONDITIONS = DEBUG;
				SWIFT_OPTIMIZATION_LEVEL = "-Onone";
			};
			name = Debug;
		};
		36028756241C9B4D0079B2A5 /* Release */ = {
			isa = XCBuildConfiguration;
			buildSettings = {
				ALWAYS_SEARCH_USER_PATHS = NO;
				CLANG_ANALYZER_NONNULL = YES;
				CLANG_ANALYZER_NUMBER_OBJECT_CONVERSION = YES_AGGRESSIVE;
				CLANG_CXX_LANGUAGE_STANDARD = "gnu++14";
				CLANG_CXX_LIBRARY = "libc++";
				CLANG_ENABLE_MODULES = YES;
				CLANG_ENABLE_OBJC_ARC = YES;
				CLANG_ENABLE_OBJC_WEAK = YES;
				CLANG_WARN_BLOCK_CAPTURE_AUTORELEASING = YES;
				CLANG_WARN_BOOL_CONVERSION = YES;
				CLANG_WARN_COMMA = YES;
				CLANG_WARN_CONSTANT_CONVERSION = YES;
				CLANG_WARN_DEPRECATED_OBJC_IMPLEMENTATIONS = YES;
				CLANG_WARN_DIRECT_OBJC_ISA_USAGE = YES_ERROR;
				CLANG_WARN_DOCUMENTATION_COMMENTS = YES;
				CLANG_WARN_EMPTY_BODY = YES;
				CLANG_WARN_ENUM_CONVERSION = YES;
				CLANG_WARN_INFINITE_RECURSION = YES;
				CLANG_WARN_INT_CONVERSION = YES;
				CLANG_WARN_NON_LITERAL_NULL_CONVERSION = YES;
				CLANG_WARN_OBJC_IMPLICIT_RETAIN_SELF = YES;
				CLANG_WARN_OBJC_LITERAL_CONVERSION = YES;
				CLANG_WARN_OBJC_ROOT_CLASS = YES_ERROR;
				CLANG_WARN_RANGE_LOOP_ANALYSIS = YES;
				CLANG_WARN_STRICT_PROTOTYPES = YES;
				CLANG_WARN_SUSPICIOUS_MOVE = YES;
				CLANG_WARN_UNGUARDED_AVAILABILITY = YES_AGGRESSIVE;
				CLANG_WARN_UNREACHABLE_CODE = YES;
				CLANG_WARN__DUPLICATE_METHOD_MATCH = YES;
				COPY_PHASE_STRIP = NO;
				DEBUG_INFORMATION_FORMAT = "dwarf-with-dsym";
				ENABLE_NS_ASSERTIONS = NO;
				ENABLE_STRICT_OBJC_MSGSEND = YES;
				GCC_C_LANGUAGE_STANDARD = gnu11;
				GCC_NO_COMMON_BLOCKS = YES;
				GCC_WARN_64_TO_32_BIT_CONVERSION = YES;
				GCC_WARN_ABOUT_RETURN_TYPE = YES_ERROR;
				GCC_WARN_UNDECLARED_SELECTOR = YES;
				GCC_WARN_UNINITIALIZED_AUTOS = YES_AGGRESSIVE;
				GCC_WARN_UNUSED_FUNCTION = YES;
				GCC_WARN_UNUSED_VARIABLE = YES;
				IPHONEOS_DEPLOYMENT_TARGET = 13.2;
				MTL_ENABLE_DEBUG_INFO = NO;
				MTL_FAST_MATH = YES;
				SDKROOT = iphoneos;
				SWIFT_COMPILATION_MODE = wholemodule;
				SWIFT_OPTIMIZATION_LEVEL = "-O";
				VALIDATE_PRODUCT = YES;
			};
			name = Release;
		};
		36028758241C9B4D0079B2A5 /* Debug */ = {
			isa = XCBuildConfiguration;
			buildSettings = {
				ASSETCATALOG_COMPILER_APPICON_NAME = AppIcon;
				CODE_SIGN_STYLE = Automatic;
				DEVELOPMENT_TEAM = 94G8FC57WA;
				INFOPLIST_FILE = MovieTicket/Info.plist;
				LD_RUNPATH_SEARCH_PATHS = (
					"$(inherited)",
					"@executable_path/Frameworks",
				);
				PRODUCT_BUNDLE_IDENTIFIER = tech.gomi.ios.MovieTicket;
				PRODUCT_NAME = "$(TARGET_NAME)";
				SWIFT_VERSION = 5.0;
				TARGETED_DEVICE_FAMILY = "1,2";
			};
			name = Debug;
		};
		36028759241C9B4D0079B2A5 /* Release */ = {
			isa = XCBuildConfiguration;
			buildSettings = {
				ASSETCATALOG_COMPILER_APPICON_NAME = AppIcon;
				CODE_SIGN_STYLE = Automatic;
				DEVELOPMENT_TEAM = 94G8FC57WA;
				INFOPLIST_FILE = MovieTicket/Info.plist;
				LD_RUNPATH_SEARCH_PATHS = (
					"$(inherited)",
					"@executable_path/Frameworks",
				);
				PRODUCT_BUNDLE_IDENTIFIER = tech.gomi.ios.MovieTicket;
				PRODUCT_NAME = "$(TARGET_NAME)";
				SWIFT_VERSION = 5.0;
				TARGETED_DEVICE_FAMILY = "1,2";
			};
			name = Release;
		};
/* End XCBuildConfiguration section */

/* Begin XCConfigurationList section */
		3602873E241C9B4A0079B2A5 /* Build configuration list for PBXProject "MovieTicket" */ = {
			isa = XCConfigurationList;
			buildConfigurations = (
				36028755241C9B4D0079B2A5 /* Debug */,
				36028756241C9B4D0079B2A5 /* Release */,
			);
			defaultConfigurationIsVisible = 0;
			defaultConfigurationName = Release;
		};
		36028757241C9B4D0079B2A5 /* Build configuration list for PBXNativeTarget "MovieTicket" */ = {
			isa = XCConfigurationList;
			buildConfigurations = (
				36028758241C9B4D0079B2A5 /* Debug */,
				36028759241C9B4D0079B2A5 /* Release */,
			);
			defaultConfigurationIsVisible = 0;
			defaultConfigurationName = Release;
		};
/* End XCConfigurationList section */
	};
	rootObject = 3602873B241C9B4A0079B2A5 /* Project object */;
}
